
Microsoft Visual Studio Solution File, Format Version 12.00
# Visual Studio Version 17
VisualStudioVersion = 17.2.32630.192
MinimumVisualStudioVersion = 10.0.40219.1
Project("{FAE04EC0-301F-11D3-BF4B-00C04F79EFBC}") = "Primer", "Primer\Primer.csproj", "{9C269B2E-C36A-4F6E-B625-56BA340B5AA5}"
EndProject
Global
	GlobalSection(SolutionConfigurationPlatforms) = preSolution
		Debug|Any CPU = Debug|Any CPU
		Release|Any CPU = Release|Any CPU
	EndGlobalSection
	GlobalSection(ProjectConfigurationPlatforms) = postSolution
		{9C269B2E-C36A-4F6E-B625-56BA340B5AA5}.Debug|Any CPU.ActiveCfg = Debug|Any CPU
		{9C269B2E-C36A-4F6E-B625-56BA340B5AA5}.Debug|Any CPU.Build.0 = Debug|Any CPU
		{9C269B2E-C36A-4F6E-B625-56BA340B5AA5}.Release|Any CPU.ActiveCfg = Release|Any CPU
		{9C269B2E-C36A-4F6E-B625-56BA340B5AA5}.Release|Any CPU.Build.0 = Release|Any CPU
	EndGlobalSection
	GlobalSection(SolutionProperties) = preSolution
		HideSolutionNode = FALSE
	EndGlobalSection
	GlobalSection(ExtensibilityGlobals) = postSolution
		SolutionGuid = {69516471-661F-4402-83DC-72ACDBE926CF}
	EndGlobalSection
EndGlobal
